
Microsoft Visual Studio Solution File, Format Version 12.00
# Visual Studio Version 17
VisualStudioVersion = 17.13.35825.156
MinimumVisualStudioVersion = 10.0.40219.1
Project("{FAE04EC0-301F-11D3-BF4B-00C04F79EFBC}") = "GUI", "GUI\GUI.csproj", "{36600325-0560-EFB1-C079-4E957C39FC52}"
EndProject
Project("{FAE04EC0-301F-11D3-BF4B-00C04F79EFBC}") = "BUS", "BUS\BUS.csproj", "{DD9D05EA-8BE0-4D12-B229-8E73B98C1D86}"
EndProject
Project("{FAE04EC0-301F-11D3-BF4B-00C04F79EFBC}") = "DAL", "DAL\DAL.csproj", "{C7135AF9-49D3-4903-9B61-DA9A8EEAB510}"
EndProject
Project("{FAE04EC0-301F-11D3-BF4B-00C04F79EFBC}") = "DTO", "DTO\DTO.csproj", "{400006BF-F88F-49DC-8682-008170CCB02E}"
EndProject
Project("{2150E333-8FDC-42A3-9474-1A3956D46DE8}") = "Solution Items", "Solution Items", "{8EC462FD-D22E-90A8-E5CE-7E832BA40C5D}"
EndProject
Global
	GlobalSection(SolutionConfigurationPlatforms) = preSolution
		Debug|Any CPU = Debug|Any CPU
		Release|Any CPU = Release|Any CPU
	EndGlobalSection
	GlobalSection(ProjectConfigurationPlatforms) = postSolution
		{36600325-0560-EFB1-C079-4E957C39FC52}.Debug|Any CPU.ActiveCfg = Debug|Any CPU
		{36600325-0560-EFB1-C079-4E957C39FC52}.Debug|Any CPU.Build.0 = Debug|Any CPU
		{36600325-0560-EFB1-C079-4E957C39FC52}.Release|Any CPU.ActiveCfg = Release|Any CPU
		{36600325-0560-EFB1-C079-4E957C39FC52}.Release|Any CPU.Build.0 = Release|Any CPU
		{DD9D05EA-8BE0-4D12-B229-8E73B98C1D86}.Debug|Any CPU.ActiveCfg = Debug|Any CPU
		{DD9D05EA-8BE0-4D12-B229-8E73B98C1D86}.Debug|Any CPU.Build.0 = Debug|Any CPU
		{DD9D05EA-8BE0-4D12-B229-8E73B98C1D86}.Release|Any CPU.ActiveCfg = Release|Any CPU
		{DD9D05EA-8BE0-4D12-B229-8E73B98C1D86}.Release|Any CPU.Build.0 = Release|Any CPU
		{C7135AF9-49D3-4903-9B61-DA9A8EEAB510}.Debug|Any CPU.ActiveCfg = Debug|Any CPU
		{C7135AF9-49D3-4903-9B61-DA9A8EEAB510}.Debug|Any CPU.Build.0 = Debug|Any CPU
		{C7135AF9-49D3-4903-9B61-DA9A8EEAB510}.Release|Any CPU.ActiveCfg = Release|Any CPU
		{C7135AF9-49D3-4903-9B61-DA9A8EEAB510}.Release|Any CPU.Build.0 = Release|Any CPU
		{400006BF-F88F-49DC-8682-008170CCB02E}.Debug|Any CPU.ActiveCfg = Debug|Any CPU
		{400006BF-F88F-49DC-8682-008170CCB02E}.Debug|Any CPU.Build.0 = Debug|Any CPU
		{400006BF-F88F-49DC-8682-008170CCB02E}.Release|Any CPU.ActiveCfg = Release|Any CPU
		{400006BF-F88F-49DC-8682-008170CCB02E}.Release|Any CPU.Build.0 = Release|Any CPU
	EndGlobalSection
	GlobalSection(SolutionProperties) = preSolution
		HideSolutionNode = FALSE
	EndGlobalSection
	GlobalSection(ExtensibilityGlobals) = postSolution
		SolutionGuid = {4A5F1EC7-C4A9-4AFF-AAA0-3D13C701DF2B}
	EndGlobalSection
EndGlobal
